// !$*UTF8*$!
{
	archiveVersion = 1;
	classes = {
	};
	objectVersion = 46;
	objects = {

/* Begin PBXBuildFile section */
		78C6775818D1C906002DBD5F /* Foundation.framework in Frameworks */ = {isa = PBXBuildFile; fileRef = 78C6775718D1C906002DBD5F /* Foundation.framework */; };
		78C6775A18D1C906002DBD5F /* CoreGraphics.framework in Frameworks */ = {isa = PBXBuildFile; fileRef = 78C6775918D1C906002DBD5F /* CoreGraphics.framework */; };
		78C6775C18D1C906002DBD5F /* UIKit.framework in Frameworks */ = {isa = PBXBuildFile; fileRef = 78C6775B18D1C906002DBD5F /* UIKit.framework */; };
		78C6776218D1C906002DBD5F /* InfoPlist.strings in Resources */ = {isa = PBXBuildFile; fileRef = 78C6776018D1C906002DBD5F /* InfoPlist.strings */; };
		78C6776418D1C906002DBD5F /* main.m in Sources */ = {isa = PBXBuildFile; fileRef = 78C6776318D1C906002DBD5F /* main.m */; };
		78C6776818D1C906002DBD5F /* TYAppDelegate.m in Sources */ = {isa = PBXBuildFile; fileRef = 78C6776718D1C906002DBD5F /* TYAppDelegate.m */; };
		78C6776A18D1C906002DBD5F /* Images.xcassets in Resources */ = {isa = PBXBuildFile; fileRef = 78C6776918D1C906002DBD5F /* Images.xcassets */; };
		78C6777118D1C906002DBD5F /* XCTest.framework in Frameworks */ = {isa = PBXBuildFile; fileRef = 78C6777018D1C906002DBD5F /* XCTest.framework */; };
		78C6777218D1C906002DBD5F /* Foundation.framework in Frameworks */ = {isa = PBXBuildFile; fileRef = 78C6775718D1C906002DBD5F /* Foundation.framework */; };
		78C6777318D1C906002DBD5F /* UIKit.framework in Frameworks */ = {isa = PBXBuildFile; fileRef = 78C6775B18D1C906002DBD5F /* UIKit.framework */; };
		78C6777B18D1C906002DBD5F /* InfoPlist.strings in Resources */ = {isa = PBXBuildFile; fileRef = 78C6777918D1C906002DBD5F /* InfoPlist.strings */; };
		78C6777D18D1C906002DBD5F /* StrategyPatternTests.m in Sources */ = {isa = PBXBuildFile; fileRef = 78C6777C18D1C906002DBD5F /* StrategyPatternTests.m */; };
		78C6778818D1D031002DBD5F /* TYViewController.m in Sources */ = {isa = PBXBuildFile; fileRef = 78C6778718D1D031002DBD5F /* TYViewController.m */; };
		78C6778B18D1D233002DBD5F /* Camera.m in Sources */ = {isa = PBXBuildFile; fileRef = 78C6778A18D1D233002DBD5F /* Camera.m */; };
		78C6779018D1DBDA002DBD5F /* ShutterBehavior.m in Sources */ = {isa = PBXBuildFile; fileRef = 78C6778F18D1DBDA002DBD5F /* ShutterBehavior.m */; };
		78C6779418D1DD02002DBD5F /* AE-1.m in Sources */ = {isa = PBXBuildFile; fileRef = 78C6779318D1DD02002DBD5F /* AE-1.m */; };
		78C6779718D1DDC1002DBD5F /* Half_Electronic.m in Sources */ = {isa = PBXBuildFile; fileRef = 78C6779618D1DDC1002DBD5F /* Half_Electronic.m */; };
		78C6779A18D1E489002DBD5F /* Machinery.m in Sources */ = {isa = PBXBuildFile; fileRef = 78C6779918D1E489002DBD5F /* Machinery.m */; };
		78C6779D18D1E494002DBD5F /* Electronic.m in Sources */ = {isa = PBXBuildFile; fileRef = 78C6779C18D1E494002DBD5F /* Electronic.m */; };
		78C677A018D1E4C3002DBD5F /* D7000.m in Sources */ = {isa = PBXBuildFile; fileRef = 78C6779F18D1E4C3002DBD5F /* D7000.m */; };
/* End PBXBuildFile section */

/* Begin PBXContainerItemProxy section */
		78C6777418D1C906002DBD5F /* PBXContainerItemProxy */ = {
			isa = PBXContainerItemProxy;
			containerPortal = 78C6774C18D1C906002DBD5F /* Project object */;
			proxyType = 1;
			remoteGlobalIDString = 78C6775318D1C906002DBD5F;
			remoteInfo = StrategyPattern;
		};
/* End PBXContainerItemProxy section */

/* Begin PBXFileReference section */
		78C6775418D1C906002DBD5F /* StrategyPattern.app */ = {isa = PBXFileReference; explicitFileType = wrapper.application; includeInIndex = 0; path = StrategyPattern.app; sourceTree = BUILT_PRODUCTS_DIR; };
		78C6775718D1C906002DBD5F /* Foundation.framework */ = {isa = PBXFileReference; lastKnownFileType = wrapper.framework; name = Foundation.framework; path = System/Library/Frameworks/Foundation.framework; sourceTree = SDKROOT; };
		78C6775918D1C906002DBD5F /* CoreGraphics.framework */ = {isa = PBXFileReference; lastKnownFileType = wrapper.framework; name = CoreGraphics.framework; path = System/Library/Frameworks/CoreGraphics.framework; sourceTree = SDKROOT; };
		78C6775B18D1C906002DBD5F /* UIKit.framework */ = {isa = PBXFileReference; lastKnownFileType = wrapper.framework; name = UIKit.framework; path = System/Library/Frameworks/UIKit.framework; sourceTree = SDKROOT; };
		78C6775F18D1C906002DBD5F /* StrategyPattern-Info.plist */ = {isa = PBXFileReference; lastKnownFileType = text.plist.xml; path = "StrategyPattern-Info.plist"; sourceTree = "<group>"; };
		78C6776118D1C906002DBD5F /* en */ = {isa = PBXFileReference; lastKnownFileType = text.plist.strings; name = en; path = en.lproj/InfoPlist.strings; sourceTree = "<group>"; };
		78C6776318D1C906002DBD5F /* main.m */ = {isa = PBXFileReference; lastKnownFileType = sourcecode.c.objc; path = main.m; sourceTree = "<group>"; };
		78C6776518D1C906002DBD5F /* StrategyPattern-Prefix.pch */ = {isa = PBXFileReference; lastKnownFileType = sourcecode.c.h; path = "StrategyPattern-Prefix.pch"; sourceTree = "<group>"; };
		78C6776618D1C906002DBD5F /* TYAppDelegate.h */ = {isa = PBXFileReference; lastKnownFileType = sourcecode.c.h; path = TYAppDelegate.h; sourceTree = "<group>"; };
		78C6776718D1C906002DBD5F /* TYAppDelegate.m */ = {isa = PBXFileReference; lastKnownFileType = sourcecode.c.objc; path = TYAppDelegate.m; sourceTree = "<group>"; };
		78C6776918D1C906002DBD5F /* Images.xcassets */ = {isa = PBXFileReference; lastKnownFileType = folder.assetcatalog; path = Images.xcassets; sourceTree = "<group>"; };
		78C6776F18D1C906002DBD5F /* StrategyPatternTests.xctest */ = {isa = PBXFileReference; explicitFileType = wrapper.cfbundle; includeInIndex = 0; path = StrategyPatternTests.xctest; sourceTree = BUILT_PRODUCTS_DIR; };
		78C6777018D1C906002DBD5F /* XCTest.framework */ = {isa = PBXFileReference; lastKnownFileType = wrapper.framework; name = XCTest.framework; path = Library/Frameworks/XCTest.framework; sourceTree = DEVELOPER_DIR; };
		78C6777818D1C906002DBD5F /* StrategyPatternTests-Info.plist */ = {isa = PBXFileReference; lastKnownFileType = text.plist.xml; path = "StrategyPatternTests-Info.plist"; sourceTree = "<group>"; };
		78C6777A18D1C906002DBD5F /* en */ = {isa = PBXFileReference; lastKnownFileType = text.plist.strings; name = en; path = en.lproj/InfoPlist.strings; sourceTree = "<group>"; };
		78C6777C18D1C906002DBD5F /* StrategyPatternTests.m */ = {isa = PBXFileReference; lastKnownFileType = sourcecode.c.objc; path = StrategyPatternTests.m; sourceTree = "<group>"; };
		78C6778618D1D031002DBD5F /* TYViewController.h */ = {isa = PBXFileReference; fileEncoding = 4; lastKnownFileType = sourcecode.c.h; path = TYViewController.h; sourceTree = "<group>"; };
		78C6778718D1D031002DBD5F /* TYViewController.m */ = {isa = PBXFileReference; fileEncoding = 4; lastKnownFileType = sourcecode.c.objc; path = TYViewController.m; sourceTree = "<group>"; };
		78C6778918D1D233002DBD5F /* Camera.h */ = {isa = PBXFileReference; fileEncoding = 4; lastKnownFileType = sourcecode.c.h; path = Camera.h; sourceTree = "<group>"; };
		78C6778A18D1D233002DBD5F /* Camera.m */ = {isa = PBXFileReference; fileEncoding = 4; lastKnownFileType = sourcecode.c.objc; path = Camera.m; sourceTree = "<group>"; };
		78C6778E18D1DBDA002DBD5F /* ShutterBehavior.h */ = {isa = PBXFileReference; fileEncoding = 4; lastKnownFileType = sourcecode.c.h; path = ShutterBehavior.h; sourceTree = "<group>"; };
		78C6778F18D1DBDA002DBD5F /* ShutterBehavior.m */ = {isa = PBXFileReference; fileEncoding = 4; lastKnownFileType = sourcecode.c.objc; path = ShutterBehavior.m; sourceTree = "<group>"; };
		78C6779218D1DD02002DBD5F /* AE-1.h */ = {isa = PBXFileReference; fileEncoding = 4; lastKnownFileType = sourcecode.c.h; path = "AE-1.h"; sourceTree = "<group>"; };
		78C6779318D1DD02002DBD5F /* AE-1.m */ = {isa = PBXFileReference; fileEncoding = 4; lastKnownFileType = sourcecode.c.objc; path = "AE-1.m"; sourceTree = "<group>"; };
		78C6779518D1DDC1002DBD5F /* Half_Electronic.h */ = {isa = PBXFileReference; fileEncoding = 4; lastKnownFileType = sourcecode.c.h; path = Half_Electronic.h; sourceTree = "<group>"; };
		78C6779618D1DDC1002DBD5F /* Half_Electronic.m */ = {isa = PBXFileReference; fileEncoding = 4; lastKnownFileType = sourcecode.c.objc; path = Half_Electronic.m; sourceTree = "<group>"; };
		78C6779818D1E489002DBD5F /* Machinery.h */ = {isa = PBXFileReference; fileEncoding = 4; lastKnownFileType = sourcecode.c.h; path = Machinery.h; sourceTree = "<group>"; };
		78C6779918D1E489002DBD5F /* Machinery.m */ = {isa = PBXFileReference; fileEncoding = 4; lastKnownFileType = sourcecode.c.objc; path = Machinery.m; sourceTree = "<group>"; };
		78C6779B18D1E494002DBD5F /* Electronic.h */ = {isa = PBXFileReference; fileEncoding = 4; lastKnownFileType = sourcecode.c.h; path = Electronic.h; sourceTree = "<group>"; };
		78C6779C18D1E494002DBD5F /* Electronic.m */ = {isa = PBXFileReference; fileEncoding = 4; lastKnownFileType = sourcecode.c.objc; path = Electronic.m; sourceTree = "<group>"; };
		78C6779E18D1E4C3002DBD5F /* D7000.h */ = {isa = PBXFileReference; fileEncoding = 4; lastKnownFileType = sourcecode.c.h; path = D7000.h; sourceTree = "<group>"; };
		78C6779F18D1E4C3002DBD5F /* D7000.m */ = {isa = PBXFileReference; fileEncoding = 4; lastKnownFileType = sourcecode.c.objc; path = D7000.m; sourceTree = "<group>"; };
/* End PBXFileReference section */

/* Begin PBXFrameworksBuildPhase section */
		78C6775118D1C906002DBD5F /* Frameworks */ = {
			isa = PBXFrameworksBuildPhase;
			buildActionMask = 2147483647;
			files = (
				78C6775A18D1C906002DBD5F /* CoreGraphics.framework in Frameworks */,
				78C6775C18D1C906002DBD5F /* UIKit.framework in Frameworks */,
				78C6775818D1C906002DBD5F /* Foundation.framework in Frameworks */,
			);
			runOnlyForDeploymentPostprocessing = 0;
		};
		78C6776C18D1C906002DBD5F /* Frameworks */ = {
			isa = PBXFrameworksBuildPhase;
			buildActionMask = 2147483647;
			files = (
				78C6777118D1C906002DBD5F /* XCTest.framework in Frameworks */,
				78C6777318D1C906002DBD5F /* UIKit.framework in Frameworks */,
				78C6777218D1C906002DBD5F /* Foundation.framework in Frameworks */,
			);
			runOnlyForDeploymentPostprocessing = 0;
		};
/* End PBXFrameworksBuildPhase section */

/* Begin PBXGroup section */
		78C6774B18D1C906002DBD5F = {
			isa = PBXGroup;
			children = (
				78C6775D18D1C906002DBD5F /* StrategyPattern */,
				78C6777618D1C906002DBD5F /* StrategyPatternTests */,
				78C6775618D1C906002DBD5F /* Frameworks */,
				78C6775518D1C906002DBD5F /* Products */,
			);
			sourceTree = "<group>";
		};
		78C6775518D1C906002DBD5F /* Products */ = {
			isa = PBXGroup;
			children = (
				78C6775418D1C906002DBD5F /* StrategyPattern.app */,
				78C6776F18D1C906002DBD5F /* StrategyPatternTests.xctest */,
			);
			name = Products;
			sourceTree = "<group>";
		};
		78C6775618D1C906002DBD5F /* Frameworks */ = {
			isa = PBXGroup;
			children = (
				78C6775718D1C906002DBD5F /* Foundation.framework */,
				78C6775918D1C906002DBD5F /* CoreGraphics.framework */,
				78C6775B18D1C906002DBD5F /* UIKit.framework */,
				78C6777018D1C906002DBD5F /* XCTest.framework */,
			);
			name = Frameworks;
			sourceTree = "<group>";
		};
		78C6775D18D1C906002DBD5F /* StrategyPattern */ = {
			isa = PBXGroup;
			children = (
				78C6776618D1C906002DBD5F /* TYAppDelegate.h */,
				78C6776718D1C906002DBD5F /* TYAppDelegate.m */,
				78C6778618D1D031002DBD5F /* TYViewController.h */,
				78C6778718D1D031002DBD5F /* TYViewController.m */,
				78C6778C18D1D238002DBD5F /* Camera Class */,
				78C6776918D1C906002DBD5F /* Images.xcassets */,
				78C6775E18D1C906002DBD5F /* Supporting Files */,
			);
			path = StrategyPattern;
			sourceTree = "<group>";
		};
		78C6775E18D1C906002DBD5F /* Supporting Files */ = {
			isa = PBXGroup;
			children = (
				78C6775F18D1C906002DBD5F /* StrategyPattern-Info.plist */,
				78C6776018D1C906002DBD5F /* InfoPlist.strings */,
				78C6776318D1C906002DBD5F /* main.m */,
				78C6776518D1C906002DBD5F /* StrategyPattern-Prefix.pch */,
			);
			name = "Supporting Files";
			sourceTree = "<group>";
		};
		78C6777618D1C906002DBD5F /* StrategyPatternTests */ = {
			isa = PBXGroup;
			children = (
				78C6777C18D1C906002DBD5F /* StrategyPatternTests.m */,
				78C6777718D1C906002DBD5F /* Supporting Files */,
			);
			path = StrategyPatternTests;
			sourceTree = "<group>";
		};
		78C6777718D1C906002DBD5F /* Supporting Files */ = {
			isa = PBXGroup;
			children = (
				78C6777818D1C906002DBD5F /* StrategyPatternTests-Info.plist */,
				78C6777918D1C906002DBD5F /* InfoPlist.strings */,
			);
			name = "Supporting Files";
			sourceTree = "<group>";
		};
		78C6778C18D1D238002DBD5F /* Camera Class */ = {
			isa = PBXGroup;
			children = (
				78C6778918D1D233002DBD5F /* Camera.h */,
				78C6778A18D1D233002DBD5F /* Camera.m */,
				78C6779218D1DD02002DBD5F /* AE-1.h */,
				78C6779318D1DD02002DBD5F /* AE-1.m */,
				78C6779E18D1E4C3002DBD5F /* D7000.h */,
				78C6779F18D1E4C3002DBD5F /* D7000.m */,
				78C6779118D1DC64002DBD5F /* Shutter */,
			);
			name = "Camera Class";
			sourceTree = "<group>";
		};
		78C6779118D1DC64002DBD5F /* Shutter */ = {
			isa = PBXGroup;
			children = (
				78C6778E18D1DBDA002DBD5F /* ShutterBehavior.h */,
				78C6778F18D1DBDA002DBD5F /* ShutterBehavior.m */,
				78C6779518D1DDC1002DBD5F /* Half_Electronic.h */,
				78C6779618D1DDC1002DBD5F /* Half_Electronic.m */,
				78C6779818D1E489002DBD5F /* Machinery.h */,
				78C6779918D1E489002DBD5F /* Machinery.m */,
				78C6779B18D1E494002DBD5F /* Electronic.h */,
				78C6779C18D1E494002DBD5F /* Electronic.m */,
			);
			name = Shutter;
			sourceTree = "<group>";
		};
/* End PBXGroup section */

/* Begin PBXNativeTarget section */
		78C6775318D1C906002DBD5F /* StrategyPattern */ = {
			isa = PBXNativeTarget;
			buildConfigurationList = 78C6778018D1C906002DBD5F /* Build configuration list for PBXNativeTarget "StrategyPattern" */;
			buildPhases = (
				78C6775018D1C906002DBD5F /* Sources */,
				78C6775118D1C906002DBD5F /* Frameworks */,
				78C6775218D1C906002DBD5F /* Resources */,
			);
			buildRules = (
			);
			dependencies = (
			);
			name = StrategyPattern;
			productName = StrategyPattern;
			productReference = 78C6775418D1C906002DBD5F /* StrategyPattern.app */;
			productType = "com.apple.product-type.application";
		};
		78C6776E18D1C906002DBD5F /* StrategyPatternTests */ = {
			isa = PBXNativeTarget;
			buildConfigurationList = 78C6778318D1C906002DBD5F /* Build configuration list for PBXNativeTarget "StrategyPatternTests" */;
			buildPhases = (
				78C6776B18D1C906002DBD5F /* Sources */,
				78C6776C18D1C906002DBD5F /* Frameworks */,
				78C6776D18D1C906002DBD5F /* Resources */,
			);
			buildRules = (
			);
			dependencies = (
				78C6777518D1C906002DBD5F /* PBXTargetDependency */,
			);
			name = StrategyPatternTests;
			productName = StrategyPatternTests;
			productReference = 78C6776F18D1C906002DBD5F /* StrategyPatternTests.xctest */;
			productType = "com.apple.product-type.bundle.unit-test";
		};
/* End PBXNativeTarget section */

/* Begin PBXProject section */
		78C6774C18D1C906002DBD5F /* Project object */ = {
			isa = PBXProject;
			attributes = {
				CLASSPREFIX = TY;
				LastUpgradeCheck = 0510;
				ORGANIZATIONNAME = "Ting-Yu Chang";
				TargetAttributes = {
					78C6776E18D1C906002DBD5F = {
						TestTargetID = 78C6775318D1C906002DBD5F;
					};
				};
			};
			buildConfigurationList = 78C6774F18D1C906002DBD5F /* Build configuration list for PBXProject "StrategyPattern" */;
			compatibilityVersion = "Xcode 3.2";
			developmentRegion = English;
			hasScannedForEncodings = 0;
			knownRegions = (
				en,
			);
			mainGroup = 78C6774B18D1C906002DBD5F;
			productRefGroup = 78C6775518D1C906002DBD5F /* Products */;
			projectDirPath = "";
			projectRoot = "";
			targets = (
				78C6775318D1C906002DBD5F /* StrategyPattern */,
				78C6776E18D1C906002DBD5F /* StrategyPatternTests */,
			);
		};
/* End PBXProject section */

/* Begin PBXResourcesBuildPhase section */
		78C6775218D1C906002DBD5F /* Resources */ = {
			isa = PBXResourcesBuildPhase;
			buildActionMask = 2147483647;
			files = (
				78C6776218D1C906002DBD5F /* InfoPlist.strings in Resources */,
				78C6776A18D1C906002DBD5F /* Images.xcassets in Resources */,
			);
			runOnlyForDeploymentPostprocessing = 0;
		};
		78C6776D18D1C906002DBD5F /* Resources */ = {
			isa = PBXResourcesBuildPhase;
			buildActionMask = 2147483647;
			files = (
				78C6777B18D1C906002DBD5F /* InfoPlist.strings in Resources */,
			);
			runOnlyForDeploymentPostprocessing = 0;
		};
/* End PBXResourcesBuildPhase section */

/* Begin PBXSourcesBuildPhase section */
		78C6775018D1C906002DBD5F /* Sources */ = {
			isa = PBXSourcesBuildPhase;
			buildActionMask = 2147483647;
			files = (
				78C6778B18D1D233002DBD5F /* Camera.m in Sources */,
				78C6779718D1DDC1002DBD5F /* Half_Electronic.m in Sources */,
				78C6779418D1DD02002DBD5F /* AE-1.m in Sources */,
				78C677A018D1E4C3002DBD5F /* D7000.m in Sources */,
				78C6776418D1C906002DBD5F /* main.m in Sources */,
				78C6776818D1C906002DBD5F /* TYAppDelegate.m in Sources */,
				78C6778818D1D031002DBD5F /* TYViewController.m in Sources */,
				78C6779A18D1E489002DBD5F /* Machinery.m in Sources */,
				78C6779018D1DBDA002DBD5F /* ShutterBehavior.m in Sources */,
				78C6779D18D1E494002DBD5F /* Electronic.m in Sources */,
			);
			runOnlyForDeploymentPostprocessing = 0;
		};
		78C6776B18D1C906002DBD5F /* Sources */ = {
			isa = PBXSourcesBuildPhase;
			buildActionMask = 2147483647;
			files = (
				78C6777D18D1C906002DBD5F /* StrategyPatternTests.m in Sources */,
			);
			runOnlyForDeploymentPostprocessing = 0;
		};
/* End PBXSourcesBuildPhase section */

/* Begin PBXTargetDependency section */
		78C6777518D1C906002DBD5F /* PBXTargetDependency */ = {
			isa = PBXTargetDependency;
			target = 78C6775318D1C906002DBD5F /* StrategyPattern */;
			targetProxy = 78C6777418D1C906002DBD5F /* PBXContainerItemProxy */;
		};
/* End PBXTargetDependency section */

/* Begin PBXVariantGroup section */
		78C6776018D1C906002DBD5F /* InfoPlist.strings */ = {
			isa = PBXVariantGroup;
			children = (
				78C6776118D1C906002DBD5F /* en */,
			);
			name = InfoPlist.strings;
			sourceTree = "<group>";
		};
		78C6777918D1C906002DBD5F /* InfoPlist.strings */ = {
			isa = PBXVariantGroup;
			children = (
				78C6777A18D1C906002DBD5F /* en */,
			);
			name = InfoPlist.strings;
			sourceTree = "<group>";
		};
/* End PBXVariantGroup section */

/* Begin XCBuildConfiguration section */
		78C6777E18D1C906002DBD5F /* Debug */ = {
			isa = XCBuildConfiguration;
			buildSettings = {
				ALWAYS_SEARCH_USER_PATHS = NO;
				CLANG_CXX_LANGUAGE_STANDARD = "gnu++0x";
				CLANG_CXX_LIBRARY = "libc++";
				CLANG_ENABLE_MODULES = YES;
				CLANG_ENABLE_OBJC_ARC = YES;
				CLANG_WARN_BOOL_CONVERSION = YES;
				CLANG_WARN_CONSTANT_CONVERSION = YES;
				CLANG_WARN_DIRECT_OBJC_ISA_USAGE = YES_ERROR;
				CLANG_WARN_EMPTY_BODY = YES;
				CLANG_WARN_ENUM_CONVERSION = YES;
				CLANG_WARN_INT_CONVERSION = YES;
				CLANG_WARN_OBJC_ROOT_CLASS = YES_ERROR;
				CLANG_WARN__DUPLICATE_METHOD_MATCH = YES;
				"CODE_SIGN_IDENTITY[sdk=iphoneos*]" = "iPhone Developer";
				COPY_PHASE_STRIP = NO;
				GCC_C_LANGUAGE_STANDARD = gnu99;
				GCC_DYNAMIC_NO_PIC = NO;
				GCC_OPTIMIZATION_LEVEL = 0;
				GCC_PREPROCESSOR_DEFINITIONS = (
					"DEBUG=1",
					"$(inherited)",
				);
				GCC_SYMBOLS_PRIVATE_EXTERN = NO;
				GCC_WARN_64_TO_32_BIT_CONVERSION = YES;
				GCC_WARN_ABOUT_RETURN_TYPE = YES_ERROR;
				GCC_WARN_UNDECLARED_SELECTOR = YES;
				GCC_WARN_UNINITIALIZED_AUTOS = YES_AGGRESSIVE;
				GCC_WARN_UNUSED_FUNCTION = YES;
				GCC_WARN_UNUSED_VARIABLE = YES;
				IPHONEOS_DEPLOYMENT_TARGET = 7.1;
				ONLY_ACTIVE_ARCH = YES;
				SDKROOT = iphoneos;
			};
			name = Debug;
		};
		78C6777F18D1C906002DBD5F /* Release */ = {
			isa = XCBuildConfiguration;
			buildSettings = {
				ALWAYS_SEARCH_USER_PATHS = NO;
				CLANG_CXX_LANGUAGE_STANDARD = "gnu++0x";
				CLANG_CXX_LIBRARY = "libc++";
				CLANG_ENABLE_MODULES = YES;
				CLANG_ENABLE_OBJC_ARC = YES;
				CLANG_WARN_BOOL_CONVERSION = YES;
				CLANG_WARN_CONSTANT_CONVERSION = YES;
				CLANG_WARN_DIRECT_OBJC_ISA_USAGE = YES_ERROR;
				CLANG_WARN_EMPTY_BODY = YES;
				CLANG_WARN_ENUM_CONVERSION = YES;
				CLANG_WARN_INT_CONVERSION = YES;
				CLANG_WARN_OBJC_ROOT_CLASS = YES_ERROR;
				CLANG_WARN__DUPLICATE_METHOD_MATCH = YES;
				"CODE_SIGN_IDENTITY[sdk=iphoneos*]" = "iPhone Developer";
				COPY_PHASE_STRIP = YES;
				ENABLE_NS_ASSERTIONS = NO;
				GCC_C_LANGUAGE_STANDARD = gnu99;
				GCC_WARN_64_TO_32_BIT_CONVERSION = YES;
				GCC_WARN_ABOUT_RETURN_TYPE = YES_ERROR;
				GCC_WARN_UNDECLARED_SELECTOR = YES;
				GCC_WARN_UNINITIALIZED_AUTOS = YES_AGGRESSIVE;
				GCC_WARN_UNUSED_FUNCTION = YES;
				GCC_WARN_UNUSED_VARIABLE = YES;
				IPHONEOS_DEPLOYMENT_TARGET = 7.1;
				SDKROOT = iphoneos;
				VALIDATE_PRODUCT = YES;
			};
			name = Release;
		};
		78C6778118D1C906002DBD5F /* Debug */ = {
			isa = XCBuildConfiguration;
			buildSettings = {
				ASSETCATALOG_COMPILER_APPICON_NAME = AppIcon;
				ASSETCATALOG_COMPILER_LAUNCHIMAGE_NAME = LaunchImage;
				GCC_PRECOMPILE_PREFIX_HEADER = YES;
				GCC_PREFIX_HEADER = "StrategyPattern/StrategyPattern-Prefix.pch";
				INFOPLIST_FILE = "StrategyPattern/StrategyPattern-Info.plist";
				PRODUCT_NAME = "$(TARGET_NAME)";
				WRAPPER_EXTENSION = app;
			};
			name = Debug;
		};
		78C6778218D1C906002DBD5F /* Release */ = {
			isa = XCBuildConfiguration;
			buildSettings = {
				ASSETCATALOG_COMPILER_APPICON_NAME = AppIcon;
				ASSETCATALOG_COMPILER_LAUNCHIMAGE_NAME = LaunchImage;
				GCC_PRECOMPILE_PREFIX_HEADER = YES;
				GCC_PREFIX_HEADER = "StrategyPattern/StrategyPattern-Prefix.pch";
				INFOPLIST_FILE = "StrategyPattern/StrategyPattern-Info.plist";
				PRODUCT_NAME = "$(TARGET_NAME)";
				WRAPPER_EXTENSION = app;
			};
			name = Release;
		};
		78C6778418D1C906002DBD5F /* Debug */ = {
			isa = XCBuildConfiguration;
			buildSettings = {
				BUNDLE_LOADER = "$(BUILT_PRODUCTS_DIR)/StrategyPattern.app/StrategyPattern";
				FRAMEWORK_SEARCH_PATHS = (
					"$(SDKROOT)/Developer/Library/Frameworks",
					"$(inherited)",
					"$(DEVELOPER_FRAMEWORKS_DIR)",
				);
				GCC_PRECOMPILE_PREFIX_HEADER = YES;
				GCC_PREFIX_HEADER = "StrategyPattern/StrategyPattern-Prefix.pch";
				GCC_PREPROCESSOR_DEFINITIONS = (
					"DEBUG=1",
					"$(inherited)",
				);
				INFOPLIST_FILE = "StrategyPatternTests/StrategyPatternTests-Info.plist";
				PRODUCT_NAME = "$(TARGET_NAME)";
				TEST_HOST = "$(BUNDLE_LOADER)";
				WRAPPER_EXTENSION = xctest;
			};
			name = Debug;
		};
		78C6778518D1C906002DBD5F /* Release */ = {
			isa = XCBuildConfiguration;
			buildSettings = {
				BUNDLE_LOADER = "$(BUILT_PRODUCTS_DIR)/StrategyPattern.app/StrategyPattern";
				FRAMEWORK_SEARCH_PATHS = (
					"$(SDKROOT)/Developer/Library/Frameworks",
					"$(inherited)",
					"$(DEVELOPER_FRAMEWORKS_DIR)",
				);
				GCC_PRECOMPILE_PREFIX_HEADER = YES;
				GCC_PREFIX_HEADER = "StrategyPattern/StrategyPattern-Prefix.pch";
				INFOPLIST_FILE = "StrategyPatternTests/StrategyPatternTests-Info.plist";
				PRODUCT_NAME = "$(TARGET_NAME)";
				TEST_HOST = "$(BUNDLE_LOADER)";
				WRAPPER_EXTENSION = xctest;
			};
			name = Release;
		};
/* End XCBuildConfiguration section */

/* Begin XCConfigurationList section */
		78C6774F18D1C906002DBD5F /* Build configuration list for PBXProject "StrategyPattern" */ = {
			isa = XCConfigurationList;
			buildConfigurations = (
				78C6777E18D1C906002DBD5F /* Debug */,
				78C6777F18D1C906002DBD5F /* Release */,
			);
			defaultConfigurationIsVisible = 0;
			defaultConfigurationName = Release;
		};
		78C6778018D1C906002DBD5F /* Build configuration list for PBXNativeTarget "StrategyPattern" */ = {
			isa = XCConfigurationList;
			buildConfigurations = (
				78C6778118D1C906002DBD5F /* Debug */,
				78C6778218D1C906002DBD5F /* Release */,
			);
			defaultConfigurationIsVisible = 0;
		};
		78C6778318D1C906002DBD5F /* Build configuration list for PBXNativeTarget "StrategyPatternTests" */ = {
			isa = XCConfigurationList;
			buildConfigurations = (
				78C6778418D1C906002DBD5F /* Debug */,
				78C6778518D1C906002DBD5F /* Release */,
			);
			defaultConfigurationIsVisible = 0;
		};
/* End XCConfigurationList section */
	};
	rootObject = 78C6774C18D1C906002DBD5F /* Project object */;
}
